
Microsoft Visual Studio Solution File, Format Version 12.00
# Visual Studio Version 16
VisualStudioVersion = 16.0.28729.10
MinimumVisualStudioVersion = 10.0.40219.1
Project("{FAE04EC0-301F-11D3-BF4B-00C04F79EFBC}") = "Headline Randomizer", "Headline Randomizer\Headline Randomizer.csproj", "{BBF08091-F8C4-4622-87B3-5063546B8DFF}"
EndProject
Project("{FAE04EC0-301F-11D3-BF4B-00C04F79EFBC}") = "Fix", "Fix\Fix.csproj", "{455A7134-573F-4BA8-B8D5-1749726FA8DC}"
EndProject
Project("{FAE04EC0-301F-11D3-BF4B-00C04F79EFBC}") = "Book", "Book\Book.csproj", "{F96683CF-CD08-4814-81BE-D88930297A4F}"
EndProject
Project("{FAE04EC0-301F-11D3-BF4B-00C04F79EFBC}") = "Headline Randomizer Svenska 2.1", "Headline Randomizer Svenska 2.1\Headline Randomizer Svenska 2.1.csproj", "{FFFBC988-313D-4B97-99DE-D5C3F0930E7D}"
EndProject
Global
	GlobalSection(SolutionConfigurationPlatforms) = preSolution
		Debug|Any CPU = Debug|Any CPU
		New|Any CPU = New|Any CPU
		Release|Any CPU = Release|Any CPU
	EndGlobalSection
	GlobalSection(ProjectConfigurationPlatforms) = postSolution
		{BBF08091-F8C4-4622-87B3-5063546B8DFF}.Debug|Any CPU.ActiveCfg = Debug|Any CPU
		{BBF08091-F8C4-4622-87B3-5063546B8DFF}.Debug|Any CPU.Build.0 = Debug|Any CPU
		{BBF08091-F8C4-4622-87B3-5063546B8DFF}.New|Any CPU.ActiveCfg = New|Any CPU
		{BBF08091-F8C4-4622-87B3-5063546B8DFF}.New|Any CPU.Build.0 = New|Any CPU
		{BBF08091-F8C4-4622-87B3-5063546B8DFF}.Release|Any CPU.ActiveCfg = Release|Any CPU
		{BBF08091-F8C4-4622-87B3-5063546B8DFF}.Release|Any CPU.Build.0 = Release|Any CPU
		{455A7134-573F-4BA8-B8D5-1749726FA8DC}.Debug|Any CPU.ActiveCfg = Debug|Any CPU
		{455A7134-573F-4BA8-B8D5-1749726FA8DC}.Debug|Any CPU.Build.0 = Debug|Any CPU
		{455A7134-573F-4BA8-B8D5-1749726FA8DC}.New|Any CPU.ActiveCfg = Release|Any CPU
		{455A7134-573F-4BA8-B8D5-1749726FA8DC}.New|Any CPU.Build.0 = Release|Any CPU
		{455A7134-573F-4BA8-B8D5-1749726FA8DC}.Release|Any CPU.ActiveCfg = Release|Any CPU
		{455A7134-573F-4BA8-B8D5-1749726FA8DC}.Release|Any CPU.Build.0 = Release|Any CPU
		{F96683CF-CD08-4814-81BE-D88930297A4F}.Debug|Any CPU.ActiveCfg = Debug|Any CPU
		{F96683CF-CD08-4814-81BE-D88930297A4F}.Debug|Any CPU.Build.0 = Debug|Any CPU
		{F96683CF-CD08-4814-81BE-D88930297A4F}.New|Any CPU.ActiveCfg = Release|Any CPU
		{F96683CF-CD08-4814-81BE-D88930297A4F}.New|Any CPU.Build.0 = Release|Any CPU
		{F96683CF-CD08-4814-81BE-D88930297A4F}.Release|Any CPU.ActiveCfg = Release|Any CPU
		{F96683CF-CD08-4814-81BE-D88930297A4F}.Release|Any CPU.Build.0 = Release|Any CPU
		{FFFBC988-313D-4B97-99DE-D5C3F0930E7D}.Debug|Any CPU.ActiveCfg = Debug|Any CPU
		{FFFBC988-313D-4B97-99DE-D5C3F0930E7D}.Debug|Any CPU.Build.0 = Debug|Any CPU
		{FFFBC988-313D-4B97-99DE-D5C3F0930E7D}.New|Any CPU.ActiveCfg = New|Any CPU
		{FFFBC988-313D-4B97-99DE-D5C3F0930E7D}.New|Any CPU.Build.0 = New|Any CPU
		{FFFBC988-313D-4B97-99DE-D5C3F0930E7D}.Release|Any CPU.ActiveCfg = Release|Any CPU
		{FFFBC988-313D-4B97-99DE-D5C3F0930E7D}.Release|Any CPU.Build.0 = Release|Any CPU
	EndGlobalSection
	GlobalSection(SolutionProperties) = preSolution
		HideSolutionNode = FALSE
	EndGlobalSection
	GlobalSection(ExtensibilityGlobals) = postSolution
		SolutionGuid = {C53ED60F-A0F0-4083-A670-0877F8CBA533}
	EndGlobalSection
EndGlobal
