
Microsoft Visual Studio Solution File, Format Version 12.00
# Visual Studio Version 16
VisualStudioVersion = 16.0.28729.10
MinimumVisualStudioVersion = 10.0.40219.1
Project("{FAE04EC0-301F-11D3-BF4B-00C04F79EFBC}") = "Common", "Book\Common.csproj", "{F96683CF-CD08-4814-81BE-D88930297A4F}"
EndProject
Project("{C7167F0D-BC9F-4E6E-AFE1-012C56B48DB5}") = "Impromizer Free", "UWPProject\Impromizer Free.wapproj", "{7F7BD430-BFB1-419E-AC5B-88A809A08FD6}"
EndProject
Project("{FAE04EC0-301F-11D3-BF4B-00C04F79EFBC}") = "Impromizer Free Swedish", "Version Swedish\Impromizer Free Swedish.csproj", "{42D8D593-B21A-4A14-9286-0F36BC74C249}"
EndProject
Project("{FAE04EC0-301F-11D3-BF4B-00C04F79EFBC}") = "Impromizer Free English", "Version English\Impromizer Free English.csproj", "{64D4488B-C599-4111-A7A4-E2DAC17E846B}"
EndProject
Project("{FAE04EC0-301F-11D3-BF4B-00C04F79EFBC}") = "LanguageChoice (Free)", "LanguageChoice\LanguageChoice (Free).csproj", "{0E46BA62-0537-4C5B-A338-3BAF7D37A276}"
EndProject
Project("{FAE04EC0-301F-11D3-BF4B-00C04F79EFBC}") = "Shared items", "Shared items\Shared items.csproj", "{3C497FD7-0639-4E72-B72F-E6A6FCFBC39B}"
EndProject
Global
	GlobalSection(SolutionConfigurationPlatforms) = preSolution
		Debug|Any CPU = Debug|Any CPU
		Debug|ARM = Debug|ARM
		Debug|ARM64 = Debug|ARM64
		Debug|x64 = Debug|x64
		Debug|x86 = Debug|x86
		Release|Any CPU = Release|Any CPU
		Release|ARM = Release|ARM
		Release|ARM64 = Release|ARM64
		Release|x64 = Release|x64
		Release|x86 = Release|x86
	EndGlobalSection
	GlobalSection(ProjectConfigurationPlatforms) = postSolution
		{F96683CF-CD08-4814-81BE-D88930297A4F}.Debug|Any CPU.ActiveCfg = Debug|Any CPU
		{F96683CF-CD08-4814-81BE-D88930297A4F}.Debug|Any CPU.Build.0 = Debug|Any CPU
		{F96683CF-CD08-4814-81BE-D88930297A4F}.Debug|ARM.ActiveCfg = Debug|Any CPU
		{F96683CF-CD08-4814-81BE-D88930297A4F}.Debug|ARM.Build.0 = Debug|Any CPU
		{F96683CF-CD08-4814-81BE-D88930297A4F}.Debug|ARM64.ActiveCfg = Debug|Any CPU
		{F96683CF-CD08-4814-81BE-D88930297A4F}.Debug|ARM64.Build.0 = Debug|Any CPU
		{F96683CF-CD08-4814-81BE-D88930297A4F}.Debug|x64.ActiveCfg = Debug|Any CPU
		{F96683CF-CD08-4814-81BE-D88930297A4F}.Debug|x64.Build.0 = Debug|Any CPU
		{F96683CF-CD08-4814-81BE-D88930297A4F}.Debug|x86.ActiveCfg = Debug|Any CPU
		{F96683CF-CD08-4814-81BE-D88930297A4F}.Debug|x86.Build.0 = Debug|Any CPU
		{F96683CF-CD08-4814-81BE-D88930297A4F}.Release|Any CPU.ActiveCfg = Release|Any CPU
		{F96683CF-CD08-4814-81BE-D88930297A4F}.Release|Any CPU.Build.0 = Release|Any CPU
		{F96683CF-CD08-4814-81BE-D88930297A4F}.Release|ARM.ActiveCfg = Release|Any CPU
		{F96683CF-CD08-4814-81BE-D88930297A4F}.Release|ARM.Build.0 = Release|Any CPU
		{F96683CF-CD08-4814-81BE-D88930297A4F}.Release|ARM64.ActiveCfg = Release|Any CPU
		{F96683CF-CD08-4814-81BE-D88930297A4F}.Release|ARM64.Build.0 = Release|Any CPU
		{F96683CF-CD08-4814-81BE-D88930297A4F}.Release|x64.ActiveCfg = Release|Any CPU
		{F96683CF-CD08-4814-81BE-D88930297A4F}.Release|x64.Build.0 = Release|Any CPU
		{F96683CF-CD08-4814-81BE-D88930297A4F}.Release|x86.ActiveCfg = Release|Any CPU
		{F96683CF-CD08-4814-81BE-D88930297A4F}.Release|x86.Build.0 = Release|Any CPU
		{7F7BD430-BFB1-419E-AC5B-88A809A08FD6}.Debug|Any CPU.ActiveCfg = Debug|Any CPU
		{7F7BD430-BFB1-419E-AC5B-88A809A08FD6}.Debug|Any CPU.Build.0 = Debug|Any CPU
		{7F7BD430-BFB1-419E-AC5B-88A809A08FD6}.Debug|Any CPU.Deploy.0 = Debug|Any CPU
		{7F7BD430-BFB1-419E-AC5B-88A809A08FD6}.Debug|ARM.ActiveCfg = Debug|ARM
		{7F7BD430-BFB1-419E-AC5B-88A809A08FD6}.Debug|ARM.Build.0 = Debug|ARM
		{7F7BD430-BFB1-419E-AC5B-88A809A08FD6}.Debug|ARM.Deploy.0 = Debug|ARM
		{7F7BD430-BFB1-419E-AC5B-88A809A08FD6}.Debug|ARM64.ActiveCfg = Debug|ARM64
		{7F7BD430-BFB1-419E-AC5B-88A809A08FD6}.Debug|ARM64.Build.0 = Debug|ARM64
		{7F7BD430-BFB1-419E-AC5B-88A809A08FD6}.Debug|ARM64.Deploy.0 = Debug|ARM64
		{7F7BD430-BFB1-419E-AC5B-88A809A08FD6}.Debug|x64.ActiveCfg = Debug|x64
		{7F7BD430-BFB1-419E-AC5B-88A809A08FD6}.Debug|x64.Build.0 = Debug|x64
		{7F7BD430-BFB1-419E-AC5B-88A809A08FD6}.Debug|x64.Deploy.0 = Debug|x64
		{7F7BD430-BFB1-419E-AC5B-88A809A08FD6}.Debug|x86.ActiveCfg = Debug|x86
		{7F7BD430-BFB1-419E-AC5B-88A809A08FD6}.Debug|x86.Build.0 = Debug|x86
		{7F7BD430-BFB1-419E-AC5B-88A809A08FD6}.Debug|x86.Deploy.0 = Debug|x86
		{7F7BD430-BFB1-419E-AC5B-88A809A08FD6}.Release|Any CPU.ActiveCfg = Release|Any CPU
		{7F7BD430-BFB1-419E-AC5B-88A809A08FD6}.Release|Any CPU.Build.0 = Release|Any CPU
		{7F7BD430-BFB1-419E-AC5B-88A809A08FD6}.Release|Any CPU.Deploy.0 = Release|Any CPU
		{7F7BD430-BFB1-419E-AC5B-88A809A08FD6}.Release|ARM.ActiveCfg = Release|ARM
		{7F7BD430-BFB1-419E-AC5B-88A809A08FD6}.Release|ARM.Build.0 = Release|ARM
		{7F7BD430-BFB1-419E-AC5B-88A809A08FD6}.Release|ARM.Deploy.0 = Release|ARM
		{7F7BD430-BFB1-419E-AC5B-88A809A08FD6}.Release|ARM64.ActiveCfg = Release|ARM64
		{7F7BD430-BFB1-419E-AC5B-88A809A08FD6}.Release|ARM64.Build.0 = Release|ARM64
		{7F7BD430-BFB1-419E-AC5B-88A809A08FD6}.Release|ARM64.Deploy.0 = Release|ARM64
		{7F7BD430-BFB1-419E-AC5B-88A809A08FD6}.Release|x64.ActiveCfg = Release|x64
		{7F7BD430-BFB1-419E-AC5B-88A809A08FD6}.Release|x64.Build.0 = Release|x64
		{7F7BD430-BFB1-419E-AC5B-88A809A08FD6}.Release|x64.Deploy.0 = Release|x64
		{7F7BD430-BFB1-419E-AC5B-88A809A08FD6}.Release|x86.ActiveCfg = Release|x86
		{7F7BD430-BFB1-419E-AC5B-88A809A08FD6}.Release|x86.Build.0 = Release|x86
		{7F7BD430-BFB1-419E-AC5B-88A809A08FD6}.Release|x86.Deploy.0 = Release|x86
		{42D8D593-B21A-4A14-9286-0F36BC74C249}.Debug|Any CPU.ActiveCfg = Debug|Any CPU
		{42D8D593-B21A-4A14-9286-0F36BC74C249}.Debug|Any CPU.Build.0 = Debug|Any CPU
		{42D8D593-B21A-4A14-9286-0F36BC74C249}.Debug|ARM.ActiveCfg = Debug|Any CPU
		{42D8D593-B21A-4A14-9286-0F36BC74C249}.Debug|ARM.Build.0 = Debug|Any CPU
		{42D8D593-B21A-4A14-9286-0F36BC74C249}.Debug|ARM64.ActiveCfg = Debug|Any CPU
		{42D8D593-B21A-4A14-9286-0F36BC74C249}.Debug|ARM64.Build.0 = Debug|Any CPU
		{42D8D593-B21A-4A14-9286-0F36BC74C249}.Debug|x64.ActiveCfg = Debug|Any CPU
		{42D8D593-B21A-4A14-9286-0F36BC74C249}.Debug|x64.Build.0 = Debug|Any CPU
		{42D8D593-B21A-4A14-9286-0F36BC74C249}.Debug|x86.ActiveCfg = Debug|Any CPU
		{42D8D593-B21A-4A14-9286-0F36BC74C249}.Debug|x86.Build.0 = Debug|Any CPU
		{42D8D593-B21A-4A14-9286-0F36BC74C249}.Release|Any CPU.ActiveCfg = Release|Any CPU
		{42D8D593-B21A-4A14-9286-0F36BC74C249}.Release|Any CPU.Build.0 = Release|Any CPU
		{42D8D593-B21A-4A14-9286-0F36BC74C249}.Release|ARM.ActiveCfg = Release|Any CPU
		{42D8D593-B21A-4A14-9286-0F36BC74C249}.Release|ARM.Build.0 = Release|Any CPU
		{42D8D593-B21A-4A14-9286-0F36BC74C249}.Release|ARM64.ActiveCfg = Release|Any CPU
		{42D8D593-B21A-4A14-9286-0F36BC74C249}.Release|ARM64.Build.0 = Release|Any CPU
		{42D8D593-B21A-4A14-9286-0F36BC74C249}.Release|x64.ActiveCfg = Release|Any CPU
		{42D8D593-B21A-4A14-9286-0F36BC74C249}.Release|x64.Build.0 = Release|Any CPU
		{42D8D593-B21A-4A14-9286-0F36BC74C249}.Release|x86.ActiveCfg = Release|Any CPU
		{42D8D593-B21A-4A14-9286-0F36BC74C249}.Release|x86.Build.0 = Release|Any CPU
		{64D4488B-C599-4111-A7A4-E2DAC17E846B}.Debug|Any CPU.ActiveCfg = Debug|Any CPU
		{64D4488B-C599-4111-A7A4-E2DAC17E846B}.Debug|Any CPU.Build.0 = Debug|Any CPU
		{64D4488B-C599-4111-A7A4-E2DAC17E846B}.Debug|ARM.ActiveCfg = Debug|Any CPU
		{64D4488B-C599-4111-A7A4-E2DAC17E846B}.Debug|ARM.Build.0 = Debug|Any CPU
		{64D4488B-C599-4111-A7A4-E2DAC17E846B}.Debug|ARM64.ActiveCfg = Debug|Any CPU
		{64D4488B-C599-4111-A7A4-E2DAC17E846B}.Debug|ARM64.Build.0 = Debug|Any CPU
		{64D4488B-C599-4111-A7A4-E2DAC17E846B}.Debug|x64.ActiveCfg = Debug|Any CPU
		{64D4488B-C599-4111-A7A4-E2DAC17E846B}.Debug|x64.Build.0 = Debug|Any CPU
		{64D4488B-C599-4111-A7A4-E2DAC17E846B}.Debug|x86.ActiveCfg = Debug|Any CPU
		{64D4488B-C599-4111-A7A4-E2DAC17E846B}.Debug|x86.Build.0 = Debug|Any CPU
		{64D4488B-C599-4111-A7A4-E2DAC17E846B}.Release|Any CPU.ActiveCfg = Release|Any CPU
		{64D4488B-C599-4111-A7A4-E2DAC17E846B}.Release|Any CPU.Build.0 = Release|Any CPU
		{64D4488B-C599-4111-A7A4-E2DAC17E846B}.Release|ARM.ActiveCfg = Release|Any CPU
		{64D4488B-C599-4111-A7A4-E2DAC17E846B}.Release|ARM.Build.0 = Release|Any CPU
		{64D4488B-C599-4111-A7A4-E2DAC17E846B}.Release|ARM64.ActiveCfg = Release|Any CPU
		{64D4488B-C599-4111-A7A4-E2DAC17E846B}.Release|ARM64.Build.0 = Release|Any CPU
		{64D4488B-C599-4111-A7A4-E2DAC17E846B}.Release|x64.ActiveCfg = Release|Any CPU
		{64D4488B-C599-4111-A7A4-E2DAC17E846B}.Release|x64.Build.0 = Release|Any CPU
		{64D4488B-C599-4111-A7A4-E2DAC17E846B}.Release|x86.ActiveCfg = Release|Any CPU
		{64D4488B-C599-4111-A7A4-E2DAC17E846B}.Release|x86.Build.0 = Release|Any CPU
		{0E46BA62-0537-4C5B-A338-3BAF7D37A276}.Debug|Any CPU.ActiveCfg = Debug|Any CPU
		{0E46BA62-0537-4C5B-A338-3BAF7D37A276}.Debug|Any CPU.Build.0 = Debug|Any CPU
		{0E46BA62-0537-4C5B-A338-3BAF7D37A276}.Debug|ARM.ActiveCfg = Debug|Any CPU
		{0E46BA62-0537-4C5B-A338-3BAF7D37A276}.Debug|ARM.Build.0 = Debug|Any CPU
		{0E46BA62-0537-4C5B-A338-3BAF7D37A276}.Debug|ARM64.ActiveCfg = Debug|Any CPU
		{0E46BA62-0537-4C5B-A338-3BAF7D37A276}.Debug|ARM64.Build.0 = Debug|Any CPU
		{0E46BA62-0537-4C5B-A338-3BAF7D37A276}.Debug|x64.ActiveCfg = Debug|Any CPU
		{0E46BA62-0537-4C5B-A338-3BAF7D37A276}.Debug|x64.Build.0 = Debug|Any CPU
		{0E46BA62-0537-4C5B-A338-3BAF7D37A276}.Debug|x86.ActiveCfg = Debug|Any CPU
		{0E46BA62-0537-4C5B-A338-3BAF7D37A276}.Debug|x86.Build.0 = Debug|Any CPU
		{0E46BA62-0537-4C5B-A338-3BAF7D37A276}.Release|Any CPU.ActiveCfg = Release|Any CPU
		{0E46BA62-0537-4C5B-A338-3BAF7D37A276}.Release|Any CPU.Build.0 = Release|Any CPU
		{0E46BA62-0537-4C5B-A338-3BAF7D37A276}.Release|ARM.ActiveCfg = Release|Any CPU
		{0E46BA62-0537-4C5B-A338-3BAF7D37A276}.Release|ARM.Build.0 = Release|Any CPU
		{0E46BA62-0537-4C5B-A338-3BAF7D37A276}.Release|ARM64.ActiveCfg = Release|Any CPU
		{0E46BA62-0537-4C5B-A338-3BAF7D37A276}.Release|ARM64.Build.0 = Release|Any CPU
		{0E46BA62-0537-4C5B-A338-3BAF7D37A276}.Release|x64.ActiveCfg = Release|Any CPU
		{0E46BA62-0537-4C5B-A338-3BAF7D37A276}.Release|x64.Build.0 = Release|Any CPU
		{0E46BA62-0537-4C5B-A338-3BAF7D37A276}.Release|x86.ActiveCfg = Release|Any CPU
		{0E46BA62-0537-4C5B-A338-3BAF7D37A276}.Release|x86.Build.0 = Release|Any CPU
		{3C497FD7-0639-4E72-B72F-E6A6FCFBC39B}.Debug|Any CPU.ActiveCfg = Debug|Any CPU
		{3C497FD7-0639-4E72-B72F-E6A6FCFBC39B}.Debug|Any CPU.Build.0 = Debug|Any CPU
		{3C497FD7-0639-4E72-B72F-E6A6FCFBC39B}.Debug|ARM.ActiveCfg = Debug|Any CPU
		{3C497FD7-0639-4E72-B72F-E6A6FCFBC39B}.Debug|ARM.Build.0 = Debug|Any CPU
		{3C497FD7-0639-4E72-B72F-E6A6FCFBC39B}.Debug|ARM64.ActiveCfg = Debug|Any CPU
		{3C497FD7-0639-4E72-B72F-E6A6FCFBC39B}.Debug|ARM64.Build.0 = Debug|Any CPU
		{3C497FD7-0639-4E72-B72F-E6A6FCFBC39B}.Debug|x64.ActiveCfg = Debug|Any CPU
		{3C497FD7-0639-4E72-B72F-E6A6FCFBC39B}.Debug|x64.Build.0 = Debug|Any CPU
		{3C497FD7-0639-4E72-B72F-E6A6FCFBC39B}.Debug|x86.ActiveCfg = Debug|Any CPU
		{3C497FD7-0639-4E72-B72F-E6A6FCFBC39B}.Debug|x86.Build.0 = Debug|Any CPU
		{3C497FD7-0639-4E72-B72F-E6A6FCFBC39B}.Release|Any CPU.ActiveCfg = Release|Any CPU
		{3C497FD7-0639-4E72-B72F-E6A6FCFBC39B}.Release|Any CPU.Build.0 = Release|Any CPU
		{3C497FD7-0639-4E72-B72F-E6A6FCFBC39B}.Release|ARM.ActiveCfg = Release|Any CPU
		{3C497FD7-0639-4E72-B72F-E6A6FCFBC39B}.Release|ARM.Build.0 = Release|Any CPU
		{3C497FD7-0639-4E72-B72F-E6A6FCFBC39B}.Release|ARM64.ActiveCfg = Release|Any CPU
		{3C497FD7-0639-4E72-B72F-E6A6FCFBC39B}.Release|ARM64.Build.0 = Release|Any CPU
		{3C497FD7-0639-4E72-B72F-E6A6FCFBC39B}.Release|x64.ActiveCfg = Release|Any CPU
		{3C497FD7-0639-4E72-B72F-E6A6FCFBC39B}.Release|x64.Build.0 = Release|Any CPU
		{3C497FD7-0639-4E72-B72F-E6A6FCFBC39B}.Release|x86.ActiveCfg = Release|Any CPU
		{3C497FD7-0639-4E72-B72F-E6A6FCFBC39B}.Release|x86.Build.0 = Release|Any CPU
	EndGlobalSection
	GlobalSection(SolutionProperties) = preSolution
		HideSolutionNode = FALSE
	EndGlobalSection
	GlobalSection(ExtensibilityGlobals) = postSolution
		SolutionGuid = {C53ED60F-A0F0-4083-A670-0877F8CBA533}
	EndGlobalSection
EndGlobal
